
Microsoft Visual Studio Solution File, Format Version 12.00
# Visual Studio Version 18
VisualStudioVersion = 18.0.11222.15 d18.0
MinimumVisualStudioVersion = 10.0.40219.1
Project("{FAE04EC0-301F-11D3-BF4B-00C04F79EFBC}") = "TikTokSlimesMod", "TikTokSlimesMod.csproj", "{00D78238-F7DD-AD61-13A5-72DE9F917519}"
EndProject
Global
	GlobalSection(SolutionConfigurationPlatforms) = preSolution
		Debug|Any CPU = Debug|Any CPU
		Release|Any CPU = Release|Any CPU
	EndGlobalSection
	GlobalSection(ProjectConfigurationPlatforms) = postSolution
		{00D78238-F7DD-AD61-13A5-72DE9F917519}.Debug|Any CPU.ActiveCfg = Debug|Any CPU
		{00D78238-F7DD-AD61-13A5-72DE9F917519}.Debug|Any CPU.Build.0 = Debug|Any CPU
		{00D78238-F7DD-AD61-13A5-72DE9F917519}.Release|Any CPU.ActiveCfg = Release|Any CPU
		{00D78238-F7DD-AD61-13A5-72DE9F917519}.Release|Any CPU.Build.0 = Release|Any CPU
	EndGlobalSection
	GlobalSection(SolutionProperties) = preSolution
		HideSolutionNode = FALSE
	EndGlobalSection
	GlobalSection(ExtensibilityGlobals) = postSolution
		SolutionGuid = {60168233-0720-45A3-8B37-052DA9EF2F88}
	EndGlobalSection
EndGlobal
